
Microsoft Visual Studio Solution File, Format Version 12.00
# Visual Studio Version 16
VisualStudioVersion = 16.0.30128.74
MinimumVisualStudioVersion = 10.0.40219.1
Project("{9A19103F-16F7-4668-BE54-9A1E7A4F7556}") = "YandexDisk.Api", "YandexDiskRestApi\YandexDisk.Api.csproj", "{D15C3EB4-9E2C-4259-BFEA-488B2778164B}"
EndProject
Project("{9A19103F-16F7-4668-BE54-9A1E7A4F7556}") = "YandexDisk.Api.Test", "YandexDisk.Api.Test\YandexDisk.Api.Test.csproj", "{AE4DADC2-35DD-4061-B1A6-4DD5AB701436}"
EndProject
Global
	GlobalSection(SolutionConfigurationPlatforms) = preSolution
		Debug|Any CPU = Debug|Any CPU
		Release|Any CPU = Release|Any CPU
	EndGlobalSection
	GlobalSection(ProjectConfigurationPlatforms) = postSolution
		{D15C3EB4-9E2C-4259-BFEA-488B2778164B}.Debug|Any CPU.ActiveCfg = Debug|Any CPU
		{D15C3EB4-9E2C-4259-BFEA-488B2778164B}.Debug|Any CPU.Build.0 = Debug|Any CPU
		{D15C3EB4-9E2C-4259-BFEA-488B2778164B}.Release|Any CPU.ActiveCfg = Release|Any CPU
		{D15C3EB4-9E2C-4259-BFEA-488B2778164B}.Release|Any CPU.Build.0 = Release|Any CPU
		{AE4DADC2-35DD-4061-B1A6-4DD5AB701436}.Debug|Any CPU.ActiveCfg = Debug|Any CPU
		{AE4DADC2-35DD-4061-B1A6-4DD5AB701436}.Debug|Any CPU.Build.0 = Debug|Any CPU
		{AE4DADC2-35DD-4061-B1A6-4DD5AB701436}.Release|Any CPU.ActiveCfg = Release|Any CPU
		{AE4DADC2-35DD-4061-B1A6-4DD5AB701436}.Release|Any CPU.Build.0 = Release|Any CPU
	EndGlobalSection
	GlobalSection(SolutionProperties) = preSolution
		HideSolutionNode = FALSE
	EndGlobalSection
	GlobalSection(ExtensibilityGlobals) = postSolution
		SolutionGuid = {951FBB5C-88AC-43D6-ACA3-00E7CF4C7FF2}
	EndGlobalSection
EndGlobal
